
Microsoft Visual Studio Solution File, Format Version 12.00
# Visual Studio Version 17
VisualStudioVersion = 17.12.35527.113 d17.12
MinimumVisualStudioVersion = 10.0.40219.1
Project("{FAE04EC0-301F-11D3-BF4B-00C04F79EFBC}") = "Conditionals", "Conditionals\Conditionals.csproj", "{B9585A64-0C7D-4140-BF15-93D5205EAC63}"
EndProject
Global
	GlobalSection(SolutionConfigurationPlatforms) = preSolution
		Debug|Any CPU = Debug|Any CPU
		Release|Any CPU = Release|Any CPU
	EndGlobalSection
	GlobalSection(ProjectConfigurationPlatforms) = postSolution
		{B9585A64-0C7D-4140-BF15-93D5205EAC63}.Debug|Any CPU.ActiveCfg = Debug|Any CPU
		{B9585A64-0C7D-4140-BF15-93D5205EAC63}.Debug|Any CPU.Build.0 = Debug|Any CPU
		{B9585A64-0C7D-4140-BF15-93D5205EAC63}.Release|Any CPU.ActiveCfg = Release|Any CPU
		{B9585A64-0C7D-4140-BF15-93D5205EAC63}.Release|Any CPU.Build.0 = Release|Any CPU
	EndGlobalSection
	GlobalSection(SolutionProperties) = preSolution
		HideSolutionNode = FALSE
	EndGlobalSection
EndGlobal
